
Microsoft Visual Studio Solution File, Format Version 12.00
# Visual Studio 14
VisualStudioVersion = 14.0.24720.0
MinimumVisualStudioVersion = 10.0.40219.1
Project("{FAE04EC0-301F-11D3-BF4B-00C04F79EFBC}") = "AngulaJumpstart", "AngulaJumpstart\AngulaJumpstart.csproj", "{C16A001D-D815-456B-A051-ABCEA25FCA26}"
EndProject
Project("{FAE04EC0-301F-11D3-BF4B-00C04F79EFBC}") = "AngulaJumpstart.Tests", "AngulaJumpstart.Tests\AngulaJumpstart.Tests.csproj", "{D1731EE0-0C1B-446C-87F0-A089585183AF}"
EndProject
Global
	GlobalSection(SolutionConfigurationPlatforms) = preSolution
		Debug|Any CPU = Debug|Any CPU
		Release|Any CPU = Release|Any CPU
	EndGlobalSection
	GlobalSection(ProjectConfigurationPlatforms) = postSolution
		{C16A001D-D815-456B-A051-ABCEA25FCA26}.Debug|Any CPU.ActiveCfg = Debug|Any CPU
		{C16A001D-D815-456B-A051-ABCEA25FCA26}.Debug|Any CPU.Build.0 = Debug|Any CPU
		{C16A001D-D815-456B-A051-ABCEA25FCA26}.Release|Any CPU.ActiveCfg = Release|Any CPU
		{C16A001D-D815-456B-A051-ABCEA25FCA26}.Release|Any CPU.Build.0 = Release|Any CPU
		{D1731EE0-0C1B-446C-87F0-A089585183AF}.Debug|Any CPU.ActiveCfg = Debug|Any CPU
		{D1731EE0-0C1B-446C-87F0-A089585183AF}.Debug|Any CPU.Build.0 = Debug|Any CPU
		{D1731EE0-0C1B-446C-87F0-A089585183AF}.Release|Any CPU.ActiveCfg = Release|Any CPU
		{D1731EE0-0C1B-446C-87F0-A089585183AF}.Release|Any CPU.Build.0 = Release|Any CPU
	EndGlobalSection
	GlobalSection(SolutionProperties) = preSolution
		HideSolutionNode = FALSE
	EndGlobalSection
EndGlobal
